
Microsoft Visual Studio Solution File, Format Version 12.00
# Visual Studio Version 17
VisualStudioVersion = 17.10.34928.147
MinimumVisualStudioVersion = 10.0.40219.1
Project("{9A19103F-16F7-4668-BE54-9A1E7A4F7556}") = "ContactsApi", "ContactsApi\ContactsApi.csproj", "{4B258423-F88A-45E2-BD11-8C7D0256239C}"
EndProject
Project("{FAE04EC0-301F-11D3-BF4B-00C04F79EFBC}") = "ContactsApiTest", "ContactsApiTest\ContactsApiTest.csproj", "{583C86B5-89E1-4631-AE23-E312E762880A}"
EndProject
Project("{2150E333-8FDC-42A3-9474-1A3956D46DE8}") = "Solution Items", "Solution Items", "{1195F929-518C-4BC4-8D3B-1A08217D41C0}"
	ProjectSection(SolutionItems) = preProject
		README.md = README.md
	EndProjectSection
EndProject
Global
	GlobalSection(SolutionConfigurationPlatforms) = preSolution
		Debug|Any CPU = Debug|Any CPU
		Release|Any CPU = Release|Any CPU
	EndGlobalSection
	GlobalSection(ProjectConfigurationPlatforms) = postSolution
		{4B258423-F88A-45E2-BD11-8C7D0256239C}.Debug|Any CPU.ActiveCfg = Debug|Any CPU
		{4B258423-F88A-45E2-BD11-8C7D0256239C}.Debug|Any CPU.Build.0 = Debug|Any CPU
		{4B258423-F88A-45E2-BD11-8C7D0256239C}.Release|Any CPU.ActiveCfg = Release|Any CPU
		{4B258423-F88A-45E2-BD11-8C7D0256239C}.Release|Any CPU.Build.0 = Release|Any CPU
		{583C86B5-89E1-4631-AE23-E312E762880A}.Debug|Any CPU.ActiveCfg = Debug|Any CPU
		{583C86B5-89E1-4631-AE23-E312E762880A}.Debug|Any CPU.Build.0 = Debug|Any CPU
		{583C86B5-89E1-4631-AE23-E312E762880A}.Release|Any CPU.ActiveCfg = Release|Any CPU
		{583C86B5-89E1-4631-AE23-E312E762880A}.Release|Any CPU.Build.0 = Release|Any CPU
	EndGlobalSection
	GlobalSection(SolutionProperties) = preSolution
		HideSolutionNode = FALSE
	EndGlobalSection
	GlobalSection(ExtensibilityGlobals) = postSolution
		SolutionGuid = {52E7F8C8-1EBE-4F33-A451-321C081A64FB}
	EndGlobalSection
EndGlobal
